// !$*UTF8*$!
{
	archiveVersion = 1;
	classes = {
	};
	objectVersion = 46;
	objects = {

/* Begin PBXBuildFile section */
		C10404E31C7E28AD009730AF /* AppDelegate.swift in Sources */ = {isa = PBXBuildFile; fileRef = C10404E21C7E28AD009730AF /* AppDelegate.swift */; };
		C10404E51C7E28AD009730AF /* ViewController.swift in Sources */ = {isa = PBXBuildFile; fileRef = C10404E41C7E28AD009730AF /* ViewController.swift */; };
		C10404E81C7E28AD009730AF /* Main.storyboard in Resources */ = {isa = PBXBuildFile; fileRef = C10404E61C7E28AD009730AF /* Main.storyboard */; };
		C10404EB1C7E28AD009730AF /* frPrototype1.xcdatamodeld in Sources */ = {isa = PBXBuildFile; fileRef = C10404E91C7E28AD009730AF /* frPrototype1.xcdatamodeld */; };
		C10404ED1C7E28AD009730AF /* Assets.xcassets in Resources */ = {isa = PBXBuildFile; fileRef = C10404EC1C7E28AD009730AF /* Assets.xcassets */; };
		C10404F01C7E28AD009730AF /* LaunchScreen.storyboard in Resources */ = {isa = PBXBuildFile; fileRef = C10404EE1C7E28AD009730AF /* LaunchScreen.storyboard */; };
		C10404F91C7E29DB009730AF /* View1.swift in Sources */ = {isa = PBXBuildFile; fileRef = C10404F71C7E29DB009730AF /* View1.swift */; };
		C10404FA1C7E29DB009730AF /* View1.xib in Resources */ = {isa = PBXBuildFile; fileRef = C10404F81C7E29DB009730AF /* View1.xib */; };
		C10404FD1C7E31B6009730AF /* View2TableViewController.swift in Sources */ = {isa = PBXBuildFile; fileRef = C10404FB1C7E31B5009730AF /* View2TableViewController.swift */; };
		C10404FE1C7E31B6009730AF /* View2TableViewController.xib in Resources */ = {isa = PBXBuildFile; fileRef = C10404FC1C7E31B6009730AF /* View2TableViewController.xib */; };
/* End PBXBuildFile section */

/* Begin PBXFileReference section */
		C10404DF1C7E28AD009730AF /* frPrototype1.app */ = {isa = PBXFileReference; explicitFileType = wrapper.application; includeInIndex = 0; path = frPrototype1.app; sourceTree = BUILT_PRODUCTS_DIR; };
		C10404E21C7E28AD009730AF /* AppDelegate.swift */ = {isa = PBXFileReference; lastKnownFileType = sourcecode.swift; path = AppDelegate.swift; sourceTree = "<group>"; };
		C10404E41C7E28AD009730AF /* ViewController.swift */ = {isa = PBXFileReference; lastKnownFileType = sourcecode.swift; path = ViewController.swift; sourceTree = "<group>"; };
		C10404E71C7E28AD009730AF /* Base */ = {isa = PBXFileReference; lastKnownFileType = file.storyboard; name = Base; path = Base.lproj/Main.storyboard; sourceTree = "<group>"; };
		C10404EA1C7E28AD009730AF /* frPrototype1.xcdatamodel */ = {isa = PBXFileReference; lastKnownFileType = wrapper.xcdatamodel; path = frPrototype1.xcdatamodel; sourceTree = "<group>"; };
		C10404EC1C7E28AD009730AF /* Assets.xcassets */ = {isa = PBXFileReference; lastKnownFileType = folder.assetcatalog; path = Assets.xcassets; sourceTree = "<group>"; };
		C10404EF1C7E28AD009730AF /* Base */ = {isa = PBXFileReference; lastKnownFileType = file.storyboard; name = Base; path = Base.lproj/LaunchScreen.storyboard; sourceTree = "<group>"; };
		C10404F11C7E28AD009730AF /* Info.plist */ = {isa = PBXFileReference; lastKnownFileType = text.plist.xml; path = Info.plist; sourceTree = "<group>"; };
		C10404F71C7E29DB009730AF /* View1.swift */ = {isa = PBXFileReference; fileEncoding = 4; lastKnownFileType = sourcecode.swift; path = View1.swift; sourceTree = "<group>"; };
		C10404F81C7E29DB009730AF /* View1.xib */ = {isa = PBXFileReference; fileEncoding = 4; lastKnownFileType = file.xib; path = View1.xib; sourceTree = "<group>"; };
		C10404FB1C7E31B5009730AF /* View2TableViewController.swift */ = {isa = PBXFileReference; fileEncoding = 4; lastKnownFileType = sourcecode.swift; path = View2TableViewController.swift; sourceTree = "<group>"; };
		C10404FC1C7E31B6009730AF /* View2TableViewController.xib */ = {isa = PBXFileReference; fileEncoding = 4; lastKnownFileType = file.xib; path = View2TableViewController.xib; sourceTree = "<group>"; };
/* End PBXFileReference section */

/* Begin PBXFrameworksBuildPhase section */
		C10404DC1C7E28AD009730AF /* Frameworks */ = {
			isa = PBXFrameworksBuildPhase;
			buildActionMask = 2147483647;
			files = (
			);
			runOnlyForDeploymentPostprocessing = 0;
		};
/* End PBXFrameworksBuildPhase section */

/* Begin PBXGroup section */
		C10404D61C7E28AC009730AF = {
			isa = PBXGroup;
			children = (
				C10404E11C7E28AD009730AF /* frPrototype1 */,
				C10404E01C7E28AD009730AF /* Products */,
			);
			sourceTree = "<group>";
		};
		C10404E01C7E28AD009730AF /* Products */ = {
			isa = PBXGroup;
			children = (
				C10404DF1C7E28AD009730AF /* frPrototype1.app */,
			);
			name = Products;
			sourceTree = "<group>";
		};
		C10404E11C7E28AD009730AF /* frPrototype1 */ = {
			isa = PBXGroup;
			children = (
				C10404E21C7E28AD009730AF /* AppDelegate.swift */,
				C10404E41C7E28AD009730AF /* ViewController.swift */,
				C10404E61C7E28AD009730AF /* Main.storyboard */,
				C10404FB1C7E31B5009730AF /* View2TableViewController.swift */,
				C10404FC1C7E31B6009730AF /* View2TableViewController.xib */,
				C10404EC1C7E28AD009730AF /* Assets.xcassets */,
				C10404EE1C7E28AD009730AF /* LaunchScreen.storyboard */,
				C10404F11C7E28AD009730AF /* Info.plist */,
				C10404E91C7E28AD009730AF /* frPrototype1.xcdatamodeld */,
				C10404F71C7E29DB009730AF /* View1.swift */,
				C10404F81C7E29DB009730AF /* View1.xib */,
			);
			path = frPrototype1;
			sourceTree = "<group>";
		};
/* End PBXGroup section */

/* Begin PBXNativeTarget section */
		C10404DE1C7E28AD009730AF /* frPrototype1 */ = {
			isa = PBXNativeTarget;
			buildConfigurationList = C10404F41C7E28AD009730AF /* Build configuration list for PBXNativeTarget "frPrototype1" */;
			buildPhases = (
				C10404DB1C7E28AD009730AF /* Sources */,
				C10404DC1C7E28AD009730AF /* Frameworks */,
				C10404DD1C7E28AD009730AF /* Resources */,
			);
			buildRules = (
			);
			dependencies = (
			);
			name = frPrototype1;
			productName = frPrototype1;
			productReference = C10404DF1C7E28AD009730AF /* frPrototype1.app */;
			productType = "com.apple.product-type.application";
		};
/* End PBXNativeTarget section */

/* Begin PBXProject section */
		C10404D71C7E28AD009730AF /* Project object */ = {
			isa = PBXProject;
			attributes = {
				LastSwiftUpdateCheck = 0720;
				LastUpgradeCheck = 0720;
				ORGANIZATIONNAME = WanderingSanta;
				TargetAttributes = {
					C10404DE1C7E28AD009730AF = {
						CreatedOnToolsVersion = 7.2.1;
					};
				};
			};
			buildConfigurationList = C10404DA1C7E28AD009730AF /* Build configuration list for PBXProject "frPrototype1" */;
			compatibilityVersion = "Xcode 3.2";
			developmentRegion = English;
			hasScannedForEncodings = 0;
			knownRegions = (
				en,
				Base,
			);
			mainGroup = C10404D61C7E28AC009730AF;
			productRefGroup = C10404E01C7E28AD009730AF /* Products */;
			projectDirPath = "";
			projectRoot = "";
			targets = (
				C10404DE1C7E28AD009730AF /* frPrototype1 */,
			);
		};
/* End PBXProject section */

/* Begin PBXResourcesBuildPhase section */
		C10404DD1C7E28AD009730AF /* Resources */ = {
			isa = PBXResourcesBuildPhase;
			buildActionMask = 2147483647;
			files = (
				C10404F01C7E28AD009730AF /* LaunchScreen.storyboard in Resources */,
				C10404FE1C7E31B6009730AF /* View2TableViewController.xib in Resources */,
				C10404ED1C7E28AD009730AF /* Assets.xcassets in Resources */,
				C10404FA1C7E29DB009730AF /* View1.xib in Resources */,
				C10404E81C7E28AD009730AF /* Main.storyboard in Resources */,
			);
			runOnlyForDeploymentPostprocessing = 0;
		};
/* End PBXResourcesBuildPhase section */

/* Begin PBXSourcesBuildPhase section */
		C10404DB1C7E28AD009730AF /* Sources */ = {
			isa = PBXSourcesBuildPhase;
			buildActionMask = 2147483647;
			files = (
				C10404E51C7E28AD009730AF /* ViewController.swift in Sources */,
				C10404FD1C7E31B6009730AF /* View2TableViewController.swift in Sources */,
				C10404E31C7E28AD009730AF /* AppDelegate.swift in Sources */,
				C10404F91C7E29DB009730AF /* View1.swift in Sources */,
				C10404EB1C7E28AD009730AF /* frPrototype1.xcdatamodeld in Sources */,
			);
			runOnlyForDeploymentPostprocessing = 0;
		};
/* End PBXSourcesBuildPhase section */

/* Begin PBXVariantGroup section */
		C10404E61C7E28AD009730AF /* Main.storyboard */ = {
			isa = PBXVariantGroup;
			children = (
				C10404E71C7E28AD009730AF /* Base */,
			);
			name = Main.storyboard;
			sourceTree = "<group>";
		};
		C10404EE1C7E28AD009730AF /* LaunchScreen.storyboard */ = {
			isa = PBXVariantGroup;
			children = (
				C10404EF1C7E28AD009730AF /* Base */,
			);
			name = LaunchScreen.storyboard;
			sourceTree = "<group>";
		};
/* End PBXVariantGroup section */

/* Begin XCBuildConfiguration section */
		C10404F21C7E28AD009730AF /* Debug */ = {
			isa = XCBuildConfiguration;
			buildSettings = {
				ALWAYS_SEARCH_USER_PATHS = NO;
				CLANG_CXX_LANGUAGE_STANDARD = "gnu++0x";
				CLANG_CXX_LIBRARY = "libc++";
				CLANG_ENABLE_MODULES = YES;
				CLANG_ENABLE_OBJC_ARC = YES;
				CLANG_WARN_BOOL_CONVERSION = YES;
				CLANG_WARN_CONSTANT_CONVERSION = YES;
				CLANG_WARN_DIRECT_OBJC_ISA_USAGE = YES_ERROR;
				CLANG_WARN_EMPTY_BODY = YES;
				CLANG_WARN_ENUM_CONVERSION = YES;
				CLANG_WARN_INT_CONVERSION = YES;
				CLANG_WARN_OBJC_ROOT_CLASS = YES_ERROR;
				CLANG_WARN_UNREACHABLE_CODE = YES;
				CLANG_WARN__DUPLICATE_METHOD_MATCH = YES;
				"CODE_SIGN_IDENTITY[sdk=iphoneos*]" = "iPhone Developer";
				COPY_PHASE_STRIP = NO;
				DEBUG_INFORMATION_FORMAT = dwarf;
				ENABLE_STRICT_OBJC_MSGSEND = YES;
				ENABLE_TESTABILITY = YES;
				GCC_C_LANGUAGE_STANDARD = gnu99;
				GCC_DYNAMIC_NO_PIC = NO;
				GCC_NO_COMMON_BLOCKS = YES;
				GCC_OPTIMIZATION_LEVEL = 0;
				GCC_PREPROCESSOR_DEFINITIONS = (
					"DEBUG=1",
					"$(inherited)",
				);
				GCC_WARN_64_TO_32_BIT_CONVERSION = YES;
				GCC_WARN_ABOUT_RETURN_TYPE = YES_ERROR;
				GCC_WARN_UNDECLARED_SELECTOR = YES;
				GCC_WARN_UNINITIALIZED_AUTOS = YES_AGGRESSIVE;
				GCC_WARN_UNUSED_FUNCTION = YES;
				GCC_WARN_UNUSED_VARIABLE = YES;
				IPHONEOS_DEPLOYMENT_TARGET = 9.2;
				MTL_ENABLE_DEBUG_INFO = YES;
				ONLY_ACTIVE_ARCH = YES;
				SDKROOT = iphoneos;
				SWIFT_OPTIMIZATION_LEVEL = "-Onone";
				TARGETED_DEVICE_FAMILY = "1,2";
			};
			name = Debug;
		};
		C10404F31C7E28AD009730AF /* Release */ = {
			isa = XCBuildConfiguration;
			buildSettings = {
				ALWAYS_SEARCH_USER_PATHS = NO;
				CLANG_CXX_LANGUAGE_STANDARD = "gnu++0x";
				CLANG_CXX_LIBRARY = "libc++";
				CLANG_ENABLE_MODULES = YES;
				CLANG_ENABLE_OBJC_ARC = YES;
				CLANG_WARN_BOOL_CONVERSION = YES;
				CLANG_WARN_CONSTANT_CONVERSION = YES;
				CLANG_WARN_DIRECT_OBJC_ISA_USAGE = YES_ERROR;
				CLANG_WARN_EMPTY_BODY = YES;
				CLANG_WARN_ENUM_CONVERSION = YES;
				CLANG_WARN_INT_CONVERSION = YES;
				CLANG_WARN_OBJC_ROOT_CLASS = YES_ERROR;
				CLANG_WARN_UNREACHABLE_CODE = YES;
				CLANG_WARN__DUPLICATE_METHOD_MATCH = YES;
				"CODE_SIGN_IDENTITY[sdk=iphoneos*]" = "iPhone Developer";
				COPY_PHASE_STRIP = NO;
				DEBUG_INFORMATION_FORMAT = "dwarf-with-dsym";
				ENABLE_NS_ASSERTIONS = NO;
				ENABLE_STRICT_OBJC_MSGSEND = YES;
				GCC_C_LANGUAGE_STANDARD = gnu99;
				GCC_NO_COMMON_BLOCKS = YES;
				GCC_WARN_64_TO_32_BIT_CONVERSION = YES;
				GCC_WARN_ABOUT_RETURN_TYPE = YES_ERROR;
				GCC_WARN_UNDECLARED_SELECTOR = YES;
				GCC_WARN_UNINITIALIZED_AUTOS = YES_AGGRESSIVE;
				GCC_WARN_UNUSED_FUNCTION = YES;
				GCC_WARN_UNUSED_VARIABLE = YES;
				IPHONEOS_DEPLOYMENT_TARGET = 9.2;
				MTL_ENABLE_DEBUG_INFO = NO;
				SDKROOT = iphoneos;
				TARGETED_DEVICE_FAMILY = "1,2";
				VALIDATE_PRODUCT = YES;
			};
			name = Release;
		};
		C10404F51C7E28AD009730AF /* Debug */ = {
			isa = XCBuildConfiguration;
			buildSettings = {
				ASSETCATALOG_COMPILER_APPICON_NAME = AppIcon;
				INFOPLIST_FILE = frPrototype1/Info.plist;
				LD_RUNPATH_SEARCH_PATHS = "$(inherited) @executable_path/Frameworks";
				PRODUCT_BUNDLE_IDENTIFIER = com.WanderingSanta.frPrototype1;
				PRODUCT_NAME = "$(TARGET_NAME)";
			};
			name = Debug;
		};
		C10404F61C7E28AD009730AF /* Release */ = {
			isa = XCBuildConfiguration;
			buildSettings = {
				ASSETCATALOG_COMPILER_APPICON_NAME = AppIcon;
				INFOPLIST_FILE = frPrototype1/Info.plist;
				LD_RUNPATH_SEARCH_PATHS = "$(inherited) @executable_path/Frameworks";
				PRODUCT_BUNDLE_IDENTIFIER = com.WanderingSanta.frPrototype1;
				PRODUCT_NAME = "$(TARGET_NAME)";
			};
			name = Release;
		};
/* End XCBuildConfiguration section */

/* Begin XCConfigurationList section */
		C10404DA1C7E28AD009730AF /* Build configuration list for PBXProject "frPrototype1" */ = {
			isa = XCConfigurationList;
			buildConfigurations = (
				C10404F21C7E28AD009730AF /* Debug */,
				C10404F31C7E28AD009730AF /* Release */,
			);
			defaultConfigurationIsVisible = 0;
			defaultConfigurationName = Release;
		};
		C10404F41C7E28AD009730AF /* Build configuration list for PBXNativeTarget "frPrototype1" */ = {
			isa = XCConfigurationList;
			buildConfigurations = (
				C10404F51C7E28AD009730AF /* Debug */,
				C10404F61C7E28AD009730AF /* Release */,
			);
			defaultConfigurationIsVisible = 0;
		};
/* End XCConfigurationList section */

/* Begin XCVersionGroup section */
		C10404E91C7E28AD009730AF /* frPrototype1.xcdatamodeld */ = {
			isa = XCVersionGroup;
			children = (
				C10404EA1C7E28AD009730AF /* frPrototype1.xcdatamodel */,
			);
			currentVersion = C10404EA1C7E28AD009730AF /* frPrototype1.xcdatamodel */;
			path = frPrototype1.xcdatamodeld;
			sourceTree = "<group>";
			versionGroupType = wrapper.xcdatamodel;
		};
/* End XCVersionGroup section */
	};
	rootObject = C10404D71C7E28AD009730AF /* Project object */;
}
